<?xml version="1.0" encoding="utf-8"?>
<Project ToolsVersion="4.0" xmlns="http://schemas.microsoft.com/developer/msbuild/2003">
  <ItemGroup>
    <Filter Include="Default">
      <UniqueIdentifier>{2c4dbde6-5dbd-49f7-9a01-9084129dcbe3}</UniqueIdentifier>
    </Filter>
    <Filter Include="Scripts">
      <UniqueIdentifier>{aa913ddb-a92e-401d-b820-7646569eba1a}</UniqueIdentifier>
    </Filter>
    <Filter Include="ScriptMgr">
      <UniqueIdentifier>{b4fa1c93-17d8-4717-bea1-cb9bd32d848e}</UniqueIdentifier>
    </Filter>
    <Filter Include="Scripts\0. Camera">
      <UniqueIdentifier>{4a21a2cd-bace-487c-9664-bea4dd4e602f}</UniqueIdentifier>
    </Filter>
    <Filter Include="Scripts\2. Background">
      <UniqueIdentifier>{162b3203-b5fe-45c4-bc50-cf068d8bec70}</UniqueIdentifier>
    </Filter>
    <Filter Include="Scripts\3. Platform">
      <UniqueIdentifier>{9ab962cb-82b8-46a2-866e-9a5135de84b5}</UniqueIdentifier>
    </Filter>
    <Filter Include="Scripts\1. UNIT">
      <UniqueIdentifier>{c34007ba-3630-4129-9db1-7c1ad6535505}</UniqueIdentifier>
    </Filter>
    <Filter Include="Scripts\1. UNIT\3. Boss">
      <UniqueIdentifier>{007a48a1-eed4-4e18-bf85-d685878b4b4a}</UniqueIdentifier>
    </Filter>
    <Filter Include="Scripts\1. UNIT\2. Monster">
      <UniqueIdentifier>{3c771f3b-cbfb-45d6-89ca-fd8546e73bc4}</UniqueIdentifier>
    </Filter>
    <Filter Include="Scripts\1. UNIT\1. Player">
      <UniqueIdentifier>{77ad6cc0-fb77-4cf5-a15f-10e0b4625d77}</UniqueIdentifier>
    </Filter>
    <Filter Include="Scripts\1. UNIT\1. Player\PlayerSkill">
      <UniqueIdentifier>{380dafe2-4424-4bc5-8df4-863a0f01f4d4}</UniqueIdentifier>
    </Filter>
  </ItemGroup>
  <ItemGroup>
    <ClInclude Include="framework.h">
      <Filter>Default</Filter>
    </ClInclude>
    <ClInclude Include="pch.h">
      <Filter>Default</Filter>
    </ClInclude>
    <ClInclude Include="qMissileScript.h">
      <Filter>Scripts</Filter>
    </ClInclude>
    <ClInclude Include="qScriptMgr.h">
      <Filter>ScriptMgr</Filter>
    </ClInclude>
    <ClInclude Include="qPlayerScript.h">
      <Filter>Scripts\1. UNIT\1. Player</Filter>
    </ClInclude>
    <ClInclude Include="qPlatformScript.h">
      <Filter>Scripts\3. Platform</Filter>
    </ClInclude>
    <ClInclude Include="qCameraMoveScript.h">
      <Filter>Scripts\0. Camera</Filter>
    </ClInclude>
    <ClInclude Include="qBookScript_Right.h">
      <Filter>Scripts\1. UNIT\1. Player\PlayerSkill</Filter>
    </ClInclude>
    <ClInclude Include="qBookScript_Left.h">
      <Filter>Scripts\1. UNIT\1. Player\PlayerSkill</Filter>
    </ClInclude>
  </ItemGroup>
  <ItemGroup>
    <ClCompile Include="pch.cpp">
      <Filter>Default</Filter>
    </ClCompile>
    <ClCompile Include="Scripts.cpp">
      <Filter>Default</Filter>
    </ClCompile>
    <ClCompile Include="qMissileScript.cpp">
      <Filter>Scripts</Filter>
    </ClCompile>
    <ClCompile Include="qScriptMgr.cpp">
      <Filter>ScriptMgr</Filter>
    </ClCompile>
    <ClCompile Include="qPlayerScript.cpp">
      <Filter>Scripts\1. UNIT\1. Player</Filter>
    </ClCompile>
    <ClCompile Include="qPlatformScript.cpp">
      <Filter>Scripts\3. Platform</Filter>
    </ClCompile>
    <ClCompile Include="qCameraMoveScript.cpp">
      <Filter>Scripts\0. Camera</Filter>
    </ClCompile>
    <ClCompile Include="qBookScript_Left.cpp">
      <Filter>Scripts\1. UNIT\1. Player\PlayerSkill</Filter>
    </ClCompile>
    <ClCompile Include="qBookScript_Right.cpp">
      <Filter>Scripts\1. UNIT\1. Player\PlayerSkill</Filter>
    </ClCompile>
  </ItemGroup>
</Project>