<?xml version="1.0" encoding="utf-8"?>
<Project ToolsVersion="4.0" xmlns="http://schemas.microsoft.com/developer/msbuild/2003">
  <ItemGroup>
    <Filter Include="Default">
      <UniqueIdentifier>{2c4dbde6-5dbd-49f7-9a01-9084129dcbe3}</UniqueIdentifier>
    </Filter>
    <Filter Include="Scripts">
      <UniqueIdentifier>{aa913ddb-a92e-401d-b820-7646569eba1a}</UniqueIdentifier>
    </Filter>
    <Filter Include="Manager">
      <UniqueIdentifier>{b4fa1c93-17d8-4717-bea1-cb9bd32d848e}</UniqueIdentifier>
    </Filter>
  </ItemGroup>
  <ItemGroup>
    <ClInclude Include="framework.h">
      <Filter>Default</Filter>
    </ClInclude>
    <ClInclude Include="pch.h">
      <Filter>Default</Filter>
    </ClInclude>
    <ClInclude Include="qCameraMoveScript.h">
      <Filter>Scripts</Filter>
    </ClInclude>
    <ClInclude Include="qMissileScript.h">
      <Filter>Scripts</Filter>
    </ClInclude>
    <ClInclude Include="qPlayerScript.h">
      <Filter>Scripts</Filter>
    </ClInclude>
    <ClInclude Include="qScriptMgr.h">
      <Filter>Manager</Filter>
    </ClInclude>
  </ItemGroup>
  <ItemGroup>
    <ClCompile Include="pch.cpp">
      <Filter>Default</Filter>
    </ClCompile>
    <ClCompile Include="Scripts.cpp">
      <Filter>Default</Filter>
    </ClCompile>
    <ClCompile Include="qCameraMoveScript.cpp">
      <Filter>Scripts</Filter>
    </ClCompile>
    <ClCompile Include="qMissileScript.cpp">
      <Filter>Scripts</Filter>
    </ClCompile>
    <ClCompile Include="qPlayerScript.cpp">
      <Filter>Scripts</Filter>
    </ClCompile>
    <ClCompile Include="qScriptMgr.cpp">
      <Filter>Manager</Filter>
    </ClCompile>
  </ItemGroup>
</Project>