<?xml version="1.0" encoding="utf-8"?>
<Project ToolsVersion="4.0" xmlns="http://schemas.microsoft.com/developer/msbuild/2003">
  <ItemGroup>
    <Filter Include="01. Header">
      <UniqueIdentifier>{e5212310-6bb5-4a8d-9201-23a040f17614}</UniqueIdentifier>
    </Filter>
    <Filter Include="02. Engine">
      <UniqueIdentifier>{284d03b4-8448-44da-b70f-a83e484d3e6b}</UniqueIdentifier>
    </Filter>
    <Filter Include="Default">
      <UniqueIdentifier>{79f67a2b-5be7-4b5f-a299-39e1dae02267}</UniqueIdentifier>
    </Filter>
    <Filter Include="03. Device">
      <UniqueIdentifier>{3c6590bc-7e67-41c8-bdb4-ec98d459decd}</UniqueIdentifier>
    </Filter>
    <Filter Include="Module">
      <UniqueIdentifier>{ecb30820-9e6e-49ff-9fc5-5c1e9fee03fb}</UniqueIdentifier>
    </Filter>
    <Filter Include="HLSL">
      <UniqueIdentifier>{6c075f64-5db0-4cb9-861d-72f3f4ddb2e9}</UniqueIdentifier>
    </Filter>
    <Filter Include="04. Manager">
      <UniqueIdentifier>{e3991554-dc53-4f3e-86e1-97c246adb0d6}</UniqueIdentifier>
    </Filter>
    <Filter Include="04. Manager\01. PathMgr">
      <UniqueIdentifier>{ef5f394b-b5cd-4c67-9b15-f156912e2297}</UniqueIdentifier>
    </Filter>
    <Filter Include="04. Manager\02. TimeMgr">
      <UniqueIdentifier>{3e14cb63-9866-4961-887a-47264f74dbad}</UniqueIdentifier>
    </Filter>
    <Filter Include="04. Manager\03. KeyMgr">
      <UniqueIdentifier>{eee3427c-f3d7-40db-a373-bc896cc27109}</UniqueIdentifier>
    </Filter>
    <Filter Include="04. Manager\TaskMgr">
      <UniqueIdentifier>{3ccef5f2-8118-4039-b84d-8dbb082b4c09}</UniqueIdentifier>
    </Filter>
    <Filter Include="04. Manager\04. LevelMgr">
      <UniqueIdentifier>{51ee27bc-cb97-46e0-a012-2cc210a8c129}</UniqueIdentifier>
    </Filter>
    <Filter Include="04. Manager\05. AssetMgr">
      <UniqueIdentifier>{88441ef4-ea3c-4318-ac1d-538a9be670e2}</UniqueIdentifier>
    </Filter>
    <Filter Include="03. Device\ConstBuffer">
      <UniqueIdentifier>{3f098039-3c22-4374-972d-dc52b2f7d7f3}</UniqueIdentifier>
    </Filter>
    <Filter Include="06. Asset">
      <UniqueIdentifier>{f1562645-56e0-4c17-ace0-ebdcda5d1abb}</UniqueIdentifier>
    </Filter>
    <Filter Include="06. Asset\01. Mesh">
      <UniqueIdentifier>{738a548c-3f70-4467-bc63-41ee4a523c43}</UniqueIdentifier>
    </Filter>
    <Filter Include="06. Asset\02. MeshData">
      <UniqueIdentifier>{e2f0335a-9c64-47a8-9d94-a659bda50fd3}</UniqueIdentifier>
    </Filter>
    <Filter Include="06. Asset\03. Material">
      <UniqueIdentifier>{1742450d-a9a3-4e7f-8b68-cebad85a8861}</UniqueIdentifier>
    </Filter>
    <Filter Include="06. Asset\04. Prefab">
      <UniqueIdentifier>{a16a1f9b-438e-45f8-983b-ed90efb271b0}</UniqueIdentifier>
    </Filter>
    <Filter Include="06. Asset\05. Texture">
      <UniqueIdentifier>{36435925-90e1-474b-818a-4cc8fa406cab}</UniqueIdentifier>
    </Filter>
    <Filter Include="06. Asset\06. Sound">
      <UniqueIdentifier>{0098e869-7544-4f37-b402-ed241be3fd19}</UniqueIdentifier>
    </Filter>
    <Filter Include="06. Asset\07. Shader">
      <UniqueIdentifier>{df7abf6f-d65e-47ab-8e12-372cc2c68310}</UniqueIdentifier>
    </Filter>
    <Filter Include="06. Asset\07. Shader\01. GraphicShader">
      <UniqueIdentifier>{d1aff048-6895-4b48-b7fe-3a4e41a5c7d7}</UniqueIdentifier>
    </Filter>
    <Filter Include="06. Asset\07. Shader\02. ComputeShader">
      <UniqueIdentifier>{ae7e1bad-51f8-404a-a6dd-6aa6153ee77e}</UniqueIdentifier>
    </Filter>
    <Filter Include="07. GameObject">
      <UniqueIdentifier>{cfd7d4b3-ffdd-4424-9220-6da93b3144e9}</UniqueIdentifier>
    </Filter>
    <Filter Include="08. Component">
      <UniqueIdentifier>{cbb391ec-23a9-4c3e-86a5-1d42c1912830}</UniqueIdentifier>
    </Filter>
    <Filter Include="05. Level">
      <UniqueIdentifier>{f25fe03a-98d6-417e-9afe-93603162b85a}</UniqueIdentifier>
    </Filter>
  </ItemGroup>
  <ItemGroup>
    <ClInclude Include="pch.h">
      <Filter>Default</Filter>
    </ClInclude>
    <ClInclude Include="framework.h">
      <Filter>Default</Filter>
    </ClInclude>
    <ClInclude Include="qEngine.h">
      <Filter>02. Engine</Filter>
    </ClInclude>
    <ClInclude Include="singleton.h">
      <Filter>01. Header</Filter>
    </ClInclude>
    <ClInclude Include="global.h">
      <Filter>01. Header</Filter>
    </ClInclude>
    <ClInclude Include="define.h">
      <Filter>01. Header</Filter>
    </ClInclude>
    <ClInclude Include="qDevice.h">
      <Filter>03. Device</Filter>
    </ClInclude>
    <ClInclude Include="SimpleMath.h">
      <Filter>Module</Filter>
    </ClInclude>
    <ClInclude Include="qPathMgr.h">
      <Filter>04. Manager\01. PathMgr</Filter>
    </ClInclude>
    <ClInclude Include="qTimeMgr.h">
      <Filter>04. Manager\02. TimeMgr</Filter>
    </ClInclude>
    <ClInclude Include="qKeyMgr.h">
      <Filter>04. Manager\03. KeyMgr</Filter>
    </ClInclude>
    <ClInclude Include="struct.h">
      <Filter>01. Header</Filter>
    </ClInclude>
    <ClInclude Include="Temp.h" />
    <ClInclude Include="qEntity.h">
      <Filter>Module</Filter>
    </ClInclude>
    <ClInclude Include="qAsset.h">
      <Filter>06. Asset</Filter>
    </ClInclude>
    <ClInclude Include="qAssetMgr.h">
      <Filter>04. Manager\05. AssetMgr</Filter>
    </ClInclude>
    <ClInclude Include="enum.h">
      <Filter>01. Header</Filter>
    </ClInclude>
    <ClInclude Include="qMesh.h">
      <Filter>06. Asset\01. Mesh</Filter>
    </ClInclude>
    <ClInclude Include="qConstBuffer.h">
      <Filter>03. Device\ConstBuffer</Filter>
    </ClInclude>
    <ClInclude Include="qShader.h">
      <Filter>06. Asset\07. Shader</Filter>
    </ClInclude>
    <ClInclude Include="assets.h">
      <Filter>01. Header</Filter>
    </ClInclude>
    <ClInclude Include="qGraphicShader.h">
      <Filter>06. Asset\07. Shader\01. GraphicShader</Filter>
    </ClInclude>
    <ClInclude Include="qComputeShader.h">
      <Filter>06. Asset\07. Shader\02. ComputeShader</Filter>
    </ClInclude>
    <ClInclude Include="func.h">
      <Filter>01. Header</Filter>
    </ClInclude>
    <ClInclude Include="qLevel.h">
      <Filter>05. Level</Filter>
    </ClInclude>
    <ClInclude Include="qGameObject.h">
      <Filter>07. GameObject</Filter>
    </ClInclude>
    <ClInclude Include="qLayer.h">
      <Filter>05. Level</Filter>
    </ClInclude>
    <ClInclude Include="qLevelMgr.h">
      <Filter>04. Manager\04. LevelMgr</Filter>
    </ClInclude>
    <ClInclude Include="..\..\..\TeacherSVN\Project\Engine\qTaskMgr.h">
      <Filter>04. Manager\TaskMgr</Filter>
    </ClInclude>
  </ItemGroup>
  <ItemGroup>
    <ClCompile Include="Engine.cpp">
      <Filter>Default</Filter>
    </ClCompile>
    <ClCompile Include="pch.cpp">
      <Filter>Default</Filter>
    </ClCompile>
    <ClCompile Include="qEngine.cpp">
      <Filter>02. Engine</Filter>
    </ClCompile>
    <ClCompile Include="qDevice.cpp">
      <Filter>03. Device</Filter>
    </ClCompile>
    <ClCompile Include="qPathMgr.cpp">
      <Filter>04. Manager\01. PathMgr</Filter>
    </ClCompile>
    <ClCompile Include="qTimeMgr.cpp">
      <Filter>04. Manager\02. TimeMgr</Filter>
    </ClCompile>
    <ClCompile Include="qKeyMgr.cpp">
      <Filter>04. Manager\03. KeyMgr</Filter>
    </ClCompile>
    <ClCompile Include="Temp.cpp" />
    <ClCompile Include="qEntity.cpp">
      <Filter>Module</Filter>
    </ClCompile>
    <ClCompile Include="qAsset.cpp">
      <Filter>06. Asset</Filter>
    </ClCompile>
    <ClCompile Include="qAssetMgr.cpp">
      <Filter>04. Manager\05. AssetMgr</Filter>
    </ClCompile>
    <ClCompile Include="qMesh.cpp">
      <Filter>06. Asset\01. Mesh</Filter>
    </ClCompile>
    <ClCompile Include="qConstBuffer.cpp">
      <Filter>03. Device\ConstBuffer</Filter>
    </ClCompile>
    <ClCompile Include="qShader.cpp">
      <Filter>06. Asset\07. Shader</Filter>
    </ClCompile>
    <ClCompile Include="qGraphicShader.cpp">
      <Filter>06. Asset\07. Shader\01. GraphicShader</Filter>
    </ClCompile>
    <ClCompile Include="qComputeShader.cpp">
      <Filter>06. Asset\07. Shader\02. ComputeShader</Filter>
    </ClCompile>
    <ClCompile Include="qLevel.cpp">
      <Filter>05. Level</Filter>
    </ClCompile>
    <ClCompile Include="qGameObject.cpp">
      <Filter>07. GameObject</Filter>
    </ClCompile>
    <ClCompile Include="qLayer.cpp">
      <Filter>05. Level</Filter>
    </ClCompile>
    <ClCompile Include="qLevelMgr.cpp">
      <Filter>04. Manager\04. LevelMgr</Filter>
    </ClCompile>
    <ClCompile Include="..\..\..\TeacherSVN\Project\Engine\qTaskMgr.cpp">
      <Filter>04. Manager\TaskMgr</Filter>
    </ClCompile>
  </ItemGroup>
  <ItemGroup>
    <None Include="SimpleMath.inl">
      <Filter>Module</Filter>
    </None>
  </ItemGroup>
  <ItemGroup>
    <FxCompile Include="test.fx">
      <Filter>HLSL</Filter>
    </FxCompile>
  </ItemGroup>
</Project>