<?xml version="1.0" encoding="utf-8"?>
<Project ToolsVersion="4.0" xmlns="http://schemas.microsoft.com/developer/msbuild/2003">
  <ItemGroup>
    <Filter Include="Default">
      <UniqueIdentifier>{67DA6AB6-F800-4c08-8B7A-83BB121AAD01}</UniqueIdentifier>
      <Extensions>rc;ico;cur;bmp;dlg;rc2;rct;bin;rgs;gif;jpg;jpeg;jpe;resx;tiff;tif;png;wav;mfcribbon-ms</Extensions>
    </Filter>
    <Filter Include="Manager">
      <UniqueIdentifier>{1f686413-641d-4fb7-8a51-6a5c07150315}</UniqueIdentifier>
    </Filter>
    <Filter Include="Manager\01. EditorMgr">
      <UniqueIdentifier>{d4d7ab67-5599-4309-9f31-58bd7ed267ba}</UniqueIdentifier>
    </Filter>
    <Filter Include="Manager\GameObjectEx">
      <UniqueIdentifier>{16c90d86-a4a4-4f6b-bf9b-bd759168718b}</UniqueIdentifier>
    </Filter>
    <Filter Include="Manager\01. EditorMgr\ImGui">
      <UniqueIdentifier>{81e7e3de-541a-4d55-afca-2cb701da6bf4}</UniqueIdentifier>
    </Filter>
    <Filter Include="Manager\GameObjectEx\Scripts">
      <UniqueIdentifier>{90211378-0b30-47b8-b4eb-f505fbc18691}</UniqueIdentifier>
    </Filter>
  </ItemGroup>
  <ItemGroup>
    <ClInclude Include="targetver.h">
      <Filter>Default</Filter>
    </ClInclude>
    <ClInclude Include="Client.h">
      <Filter>Default</Filter>
    </ClInclude>
    <ClInclude Include="framework.h">
      <Filter>Default</Filter>
    </ClInclude>
    <ClInclude Include="Resource.h">
      <Filter>Default</Filter>
    </ClInclude>
    <ClInclude Include="pch.h">
      <Filter>Default</Filter>
    </ClInclude>
    <ClInclude Include="qEditorMgr.h">
      <Filter>Manager\01. EditorMgr</Filter>
    </ClInclude>
    <ClInclude Include="qGameObjectEx.h">
      <Filter>Manager\GameObjectEx</Filter>
    </ClInclude>
    <ClInclude Include="qEditorCameraScript.h">
      <Filter>Manager\GameObjectEx\Scripts</Filter>
    </ClInclude>
    <ClInclude Include="ImGui\imconfig.h">
      <Filter>Manager\01. EditorMgr\ImGui</Filter>
    </ClInclude>
    <ClInclude Include="ImGui\imgui.h">
      <Filter>Manager\01. EditorMgr\ImGui</Filter>
    </ClInclude>
    <ClInclude Include="ImGui\imgui_impl_dx11.h">
      <Filter>Manager\01. EditorMgr\ImGui</Filter>
    </ClInclude>
    <ClInclude Include="ImGui\imgui_impl_win32.h">
      <Filter>Manager\01. EditorMgr\ImGui</Filter>
    </ClInclude>
    <ClInclude Include="ImGui\imgui_internal.h">
      <Filter>Manager\01. EditorMgr\ImGui</Filter>
    </ClInclude>
    <ClInclude Include="ImGui\imstb_rectpack.h">
      <Filter>Manager\01. EditorMgr\ImGui</Filter>
    </ClInclude>
    <ClInclude Include="ImGui\imstb_textedit.h">
      <Filter>Manager\01. EditorMgr\ImGui</Filter>
    </ClInclude>
    <ClInclude Include="ImGui\imstb_truetype.h">
      <Filter>Manager\01. EditorMgr\ImGui</Filter>
    </ClInclude>
  </ItemGroup>
  <ItemGroup>
    <ResourceCompile Include="Client.rc">
      <Filter>Default</Filter>
    </ResourceCompile>
  </ItemGroup>
  <ItemGroup>
    <Image Include="small.ico">
      <Filter>Default</Filter>
    </Image>
    <Image Include="Client.ico">
      <Filter>Default</Filter>
    </Image>
  </ItemGroup>
  <ItemGroup>
    <ClCompile Include="main.cpp" />
    <ClCompile Include="pch.cpp">
      <Filter>Default</Filter>
    </ClCompile>
    <ClCompile Include="qEditorMgr.cpp">
      <Filter>Manager\01. EditorMgr</Filter>
    </ClCompile>
    <ClCompile Include="qGameObjectEx.cpp">
      <Filter>Manager\GameObjectEx</Filter>
    </ClCompile>
    <ClCompile Include="qEditorCameraScript.cpp">
      <Filter>Manager\GameObjectEx\Scripts</Filter>
    </ClCompile>
    <ClCompile Include="ImGui\imgui.cpp">
      <Filter>Manager\01. EditorMgr\ImGui</Filter>
    </ClCompile>
    <ClCompile Include="ImGui\imgui_demo.cpp">
      <Filter>Manager\01. EditorMgr\ImGui</Filter>
    </ClCompile>
    <ClCompile Include="ImGui\imgui_draw.cpp">
      <Filter>Manager\01. EditorMgr\ImGui</Filter>
    </ClCompile>
    <ClCompile Include="ImGui\imgui_impl_dx11.cpp">
      <Filter>Manager\01. EditorMgr\ImGui</Filter>
    </ClCompile>
    <ClCompile Include="ImGui\imgui_impl_win32.cpp">
      <Filter>Manager\01. EditorMgr\ImGui</Filter>
    </ClCompile>
    <ClCompile Include="ImGui\imgui_tables.cpp">
      <Filter>Manager\01. EditorMgr\ImGui</Filter>
    </ClCompile>
    <ClCompile Include="ImGui\imgui_widgets.cpp">
      <Filter>Manager\01. EditorMgr\ImGui</Filter>
    </ClCompile>
  </ItemGroup>
  <ItemGroup>
    <Text Include="ImGui\LICENSE.txt">
      <Filter>Manager\01. EditorMgr\ImGui</Filter>
    </Text>
  </ItemGroup>
</Project>