<?xml version="1.0" encoding="utf-8"?>
<Project ToolsVersion="4.0" xmlns="http://schemas.microsoft.com/developer/msbuild/2003">
  <ItemGroup>
    <Filter Include="Default">
      <UniqueIdentifier>{717ae687-373a-4186-ab7a-7695020f35d5}</UniqueIdentifier>
    </Filter>
    <Filter Include="StateMgr">
      <UniqueIdentifier>{071a7efa-019c-45cf-9eb5-1e3a1a380d49}</UniqueIdentifier>
    </Filter>
    <Filter Include="States">
      <UniqueIdentifier>{d5b27d82-5b4d-484c-b494-7fe75c823111}</UniqueIdentifier>
    </Filter>
    <Filter Include="States\01. Player">
      <UniqueIdentifier>{8f96c760-0e35-4121-af4e-5b84a25a927f}</UniqueIdentifier>
    </Filter>
    <Filter Include="States\01. Player\00. Idle">
      <UniqueIdentifier>{2073a700-4e24-4415-ad0a-675fa4504ce6}</UniqueIdentifier>
    </Filter>
    <Filter Include="States\01. Player\01. Wait">
      <UniqueIdentifier>{f7ba32ba-e0df-4a2f-b19c-89df4965fecf}</UniqueIdentifier>
    </Filter>
    <Filter Include="States\01. Player\02. Run">
      <UniqueIdentifier>{3ca0c069-92f7-4749-be8e-13e31f31ed84}</UniqueIdentifier>
    </Filter>
    <Filter Include="States\01. Player\03. IdleToRun">
      <UniqueIdentifier>{eaa88620-3464-4611-9002-ffd68c39fd3e}</UniqueIdentifier>
    </Filter>
    <Filter Include="States\01. Player\04. RunToIdle">
      <UniqueIdentifier>{7e514ac9-a8c9-4f85-b722-08e406c1d9bf}</UniqueIdentifier>
    </Filter>
    <Filter Include="States\01. Player\05. IdleUTurn">
      <UniqueIdentifier>{4726fc76-4bb0-443a-80c0-81746426fcf4}</UniqueIdentifier>
    </Filter>
    <Filter Include="States\01. Player\06. RunUTurn">
      <UniqueIdentifier>{1dd32c33-3a87-4715-991b-7fc7b3253c4d}</UniqueIdentifier>
    </Filter>
    <Filter Include="States\01. Player\07. Jump">
      <UniqueIdentifier>{21b67c5b-d8a2-4140-8aee-4685cdf2b361}</UniqueIdentifier>
    </Filter>
    <Filter Include="States\01. Player\09. Landing">
      <UniqueIdentifier>{329b8d2c-4c26-49bd-95a9-3c934761f743}</UniqueIdentifier>
    </Filter>
    <Filter Include="States\01. Player\10. Dash">
      <UniqueIdentifier>{d3f29e91-b3dc-47eb-801d-f9982159c8b4}</UniqueIdentifier>
    </Filter>
    <Filter Include="States\01. Player\08. Falling">
      <UniqueIdentifier>{54bf9d45-04be-42b0-8b16-3a01767e936d}</UniqueIdentifier>
    </Filter>
    <Filter Include="States\01. Player\13. Combo_1">
      <UniqueIdentifier>{037a8d3b-3bd0-4af7-a256-6469e486d522}</UniqueIdentifier>
    </Filter>
    <Filter Include="States\01. Player\14. Combo_2">
      <UniqueIdentifier>{6951ec92-41b9-4044-b849-1e2c933dedf3}</UniqueIdentifier>
    </Filter>
    <Filter Include="States\01. Player\15. Combo_3">
      <UniqueIdentifier>{756fad4e-6424-4877-a9b5-b8fb9242322e}</UniqueIdentifier>
    </Filter>
    <Filter Include="States\01. Player\16. Combo_4">
      <UniqueIdentifier>{07f29e61-39c1-4e47-a528-b52f90a63179}</UniqueIdentifier>
    </Filter>
    <Filter Include="States\01. Player\19. Crash">
      <UniqueIdentifier>{a590669c-eef1-4e14-9f7e-958e0948e6f8}</UniqueIdentifier>
    </Filter>
    <Filter Include="States\01. Player\20. Range">
      <UniqueIdentifier>{51da11f6-0cb7-4efd-a6dd-ab71f1c63c9a}</UniqueIdentifier>
    </Filter>
    <Filter Include="States\01. Player\18. Book">
      <UniqueIdentifier>{410cabe1-06df-43ba-8fb7-959bcf8cc0f8}</UniqueIdentifier>
    </Filter>
    <Filter Include="States\01. Player\17. BookShoot">
      <UniqueIdentifier>{8bd66394-9ff5-4cfe-bcea-8939aa6bf07b}</UniqueIdentifier>
    </Filter>
    <Filter Include="States\01. Player\21. Krush">
      <UniqueIdentifier>{3a3079da-bc45-42b2-bc78-f68611565e76}</UniqueIdentifier>
    </Filter>
    <Filter Include="States\02. Transfer">
      <UniqueIdentifier>{7fe00858-eb2d-4c2e-9335-83727004f5e7}</UniqueIdentifier>
    </Filter>
    <Filter Include="States\02. Transfer\01. Door">
      <UniqueIdentifier>{604c1337-5f6f-40c6-b140-29746004912f}</UniqueIdentifier>
    </Filter>
    <Filter Include="States\02. Transfer\02. Elevator">
      <UniqueIdentifier>{83c41c28-2325-4ee7-8f7e-fa140380abf3}</UniqueIdentifier>
    </Filter>
    <Filter Include="States\02. Transfer\01. Door\01. DoorStay">
      <UniqueIdentifier>{84ddefb6-0360-4cae-b2d5-149b6e0812fa}</UniqueIdentifier>
    </Filter>
    <Filter Include="States\02. Transfer\01. Door\02. DoorOpen">
      <UniqueIdentifier>{410b0cd8-5f9a-4fae-9aed-9aefe72b327d}</UniqueIdentifier>
    </Filter>
    <Filter Include="States\02. Transfer\01. Door\03. DoorClose">
      <UniqueIdentifier>{3acbe0fe-76b2-45c9-9c6e-11a2afd2eca4}</UniqueIdentifier>
    </Filter>
    <Filter Include="States\02. Transfer\03. Post">
      <UniqueIdentifier>{d8059b6c-348b-4471-9582-3dc411952849}</UniqueIdentifier>
    </Filter>
    <Filter Include="States\02. Transfer\03. Post\01. PostClose">
      <UniqueIdentifier>{07a45a0c-4ade-41df-a403-cbc1bde53be4}</UniqueIdentifier>
    </Filter>
    <Filter Include="States\02. Transfer\03. Post\02. PostOpen">
      <UniqueIdentifier>{c41d148b-654a-404a-9d12-7a549c800306}</UniqueIdentifier>
    </Filter>
    <Filter Include="States\01. Player\24. Bump">
      <UniqueIdentifier>{76d134a5-11e9-46a4-8d0c-50a6db5ca67b}</UniqueIdentifier>
    </Filter>
    <Filter Include="States\01. Player\22-23. Teleport">
      <UniqueIdentifier>{4166c5b8-97b0-402d-babf-b25fcc71fa58}</UniqueIdentifier>
    </Filter>
    <Filter Include="States\01. Player\22-23. Teleport\1. Teleport">
      <UniqueIdentifier>{a9788a1d-00bc-426d-a805-60dde32f9909}</UniqueIdentifier>
    </Filter>
    <Filter Include="States\01. Player\22-23. Teleport\2. TeleportFinish">
      <UniqueIdentifier>{5bebd528-d2b7-457e-bdc6-973c80a442bf}</UniqueIdentifier>
    </Filter>
    <Filter Include="States\02. Transfer\02. Elevator\01. ElevatorStay">
      <UniqueIdentifier>{c2fcdbdf-aac6-409d-8784-41aed8359222}</UniqueIdentifier>
    </Filter>
    <Filter Include="States\02. Transfer\02. Elevator\02. ElevatorOpen">
      <UniqueIdentifier>{f0881ce1-3048-4f0e-8c1a-672f65cd9c44}</UniqueIdentifier>
    </Filter>
    <Filter Include="States\02. Transfer\02. Elevator\03. ElevatorClose">
      <UniqueIdentifier>{bd56b7df-effb-419f-a655-6cb3c5ec8559}</UniqueIdentifier>
    </Filter>
    <Filter Include="States\01. Player\25. PlayerNull">
      <UniqueIdentifier>{32c3990f-8be3-40bb-a330-94ef534baeec}</UniqueIdentifier>
    </Filter>
    <Filter Include="States\01. Player\11. ElevatorOut">
      <UniqueIdentifier>{8a11822b-5d48-4f25-9d3c-2a326cdb7469}</UniqueIdentifier>
    </Filter>
    <Filter Include="States\01. Player\12. Hit">
      <UniqueIdentifier>{cbf38d21-daf3-464f-9999-4c68cd96ce78}</UniqueIdentifier>
    </Filter>
    <Filter Include="States\02. Transfer\04. Loading">
      <UniqueIdentifier>{f494197c-68ff-4326-9184-fa1b0f849bd7}</UniqueIdentifier>
    </Filter>
  </ItemGroup>
  <ItemGroup>
    <ClInclude Include="pch.h">
      <Filter>Default</Filter>
    </ClInclude>
    <ClInclude Include="framework.h">
      <Filter>Default</Filter>
    </ClInclude>
    <ClInclude Include="qStateMgr.h">
      <Filter>StateMgr</Filter>
    </ClInclude>
    <ClInclude Include="qPlayerIdleState.h">
      <Filter>States\01. Player\00. Idle</Filter>
    </ClInclude>
    <ClInclude Include="qPlayerIdleToRunState.h">
      <Filter>States\01. Player\03. IdleToRun</Filter>
    </ClInclude>
    <ClInclude Include="qPlayerRunState.h">
      <Filter>States\01. Player\02. Run</Filter>
    </ClInclude>
    <ClInclude Include="qPlayerRunToIdleState.h">
      <Filter>States\01. Player\04. RunToIdle</Filter>
    </ClInclude>
    <ClInclude Include="qPlayerIdleUTurnState.h">
      <Filter>States\01. Player\05. IdleUTurn</Filter>
    </ClInclude>
    <ClInclude Include="qPlayerRunUTurnState.h">
      <Filter>States\01. Player\06. RunUTurn</Filter>
    </ClInclude>
    <ClInclude Include="qPlayerJumpState.h">
      <Filter>States\01. Player\07. Jump</Filter>
    </ClInclude>
    <ClInclude Include="qPlayerFallingState.h">
      <Filter>States\01. Player\08. Falling</Filter>
    </ClInclude>
    <ClInclude Include="qPlayerLandingState.h">
      <Filter>States\01. Player\09. Landing</Filter>
    </ClInclude>
    <ClInclude Include="qPlayerDashState.h">
      <Filter>States\01. Player\10. Dash</Filter>
    </ClInclude>
    <ClInclude Include="qPlayerCombo2State.h">
      <Filter>States\01. Player\14. Combo_2</Filter>
    </ClInclude>
    <ClInclude Include="qPlayerCombo3State.h">
      <Filter>States\01. Player\15. Combo_3</Filter>
    </ClInclude>
    <ClInclude Include="qPlayerCombo4State.h">
      <Filter>States\01. Player\16. Combo_4</Filter>
    </ClInclude>
    <ClInclude Include="qPlayerCombo1State.h">
      <Filter>States\01. Player\13. Combo_1</Filter>
    </ClInclude>
    <ClInclude Include="qPlayerBookShootState.h">
      <Filter>States\01. Player\17. BookShoot</Filter>
    </ClInclude>
    <ClInclude Include="qPlayerCrashState.h">
      <Filter>States\01. Player\19. Crash</Filter>
    </ClInclude>
    <ClInclude Include="qPlayerRangeState.h">
      <Filter>States\01. Player\20. Range</Filter>
    </ClInclude>
    <ClInclude Include="qPlayerKrushState.h">
      <Filter>States\01. Player\21. Krush</Filter>
    </ClInclude>
    <ClInclude Include="qPlayerWaitState.h">
      <Filter>States\01. Player\01. Wait</Filter>
    </ClInclude>
    <ClInclude Include="qPlayerBumpState.h">
      <Filter>States\01. Player\24. Bump</Filter>
    </ClInclude>
    <ClInclude Include="qDoorStayState.h">
      <Filter>States\02. Transfer\01. Door\01. DoorStay</Filter>
    </ClInclude>
    <ClInclude Include="qDoorOpenState.h">
      <Filter>States\02. Transfer\01. Door\02. DoorOpen</Filter>
    </ClInclude>
    <ClInclude Include="qDoorCloseState.h">
      <Filter>States\02. Transfer\01. Door\03. DoorClose</Filter>
    </ClInclude>
    <ClInclude Include="qPostCloseState.h">
      <Filter>States\02. Transfer\03. Post\01. PostClose</Filter>
    </ClInclude>
    <ClInclude Include="qPostOpenState.h">
      <Filter>States\02. Transfer\03. Post\02. PostOpen</Filter>
    </ClInclude>
    <ClInclude Include="qPlayerTeleportState.h">
      <Filter>States\01. Player\22-23. Teleport\1. Teleport</Filter>
    </ClInclude>
    <ClInclude Include="qPlayerTeleportFinishState.h">
      <Filter>States\01. Player\22-23. Teleport\2. TeleportFinish</Filter>
    </ClInclude>
    <ClInclude Include="qElevatorStayState.h">
      <Filter>States\02. Transfer\02. Elevator\01. ElevatorStay</Filter>
    </ClInclude>
    <ClInclude Include="qElevatorOpenState.h">
      <Filter>States\02. Transfer\02. Elevator\02. ElevatorOpen</Filter>
    </ClInclude>
    <ClInclude Include="qElevatorCloseState.h">
      <Filter>States\02. Transfer\02. Elevator\03. ElevatorClose</Filter>
    </ClInclude>
    <ClInclude Include="qPlayerElevatorOutState.h">
      <Filter>States\01. Player\11. ElevatorOut</Filter>
    </ClInclude>
    <ClInclude Include="qPlayerNullState.h">
      <Filter>States\01. Player\25. PlayerNull</Filter>
    </ClInclude>
    <ClInclude Include="qLoadingState.h">
      <Filter>States\02. Transfer\04. Loading</Filter>
    </ClInclude>
  </ItemGroup>
  <ItemGroup>
    <ClCompile Include="States.cpp">
      <Filter>Default</Filter>
    </ClCompile>
    <ClCompile Include="pch.cpp">
      <Filter>Default</Filter>
    </ClCompile>
    <ClCompile Include="qStateMgr.cpp">
      <Filter>StateMgr</Filter>
    </ClCompile>
    <ClCompile Include="qPlayerIdleState.cpp">
      <Filter>States\01. Player\00. Idle</Filter>
    </ClCompile>
    <ClCompile Include="qPlayerIdleToRunState.cpp">
      <Filter>States\01. Player\03. IdleToRun</Filter>
    </ClCompile>
    <ClCompile Include="qPlayerRunState.cpp">
      <Filter>States\01. Player\02. Run</Filter>
    </ClCompile>
    <ClCompile Include="qPlayerRunToIdleState.cpp">
      <Filter>States\01. Player\04. RunToIdle</Filter>
    </ClCompile>
    <ClCompile Include="qPlayerIdleUTurnState.cpp">
      <Filter>States\01. Player\05. IdleUTurn</Filter>
    </ClCompile>
    <ClCompile Include="qPlayerRunUTurnState.cpp">
      <Filter>States\01. Player\06. RunUTurn</Filter>
    </ClCompile>
    <ClCompile Include="qPlayerJumpState.cpp">
      <Filter>States\01. Player\07. Jump</Filter>
    </ClCompile>
    <ClCompile Include="qPlayerFallingState.cpp">
      <Filter>States\01. Player\08. Falling</Filter>
    </ClCompile>
    <ClCompile Include="qPlayerLandingState.cpp">
      <Filter>States\01. Player\09. Landing</Filter>
    </ClCompile>
    <ClCompile Include="qPlayerDashState.cpp">
      <Filter>States\01. Player\10. Dash</Filter>
    </ClCompile>
    <ClCompile Include="qPlayerCombo2State.cpp">
      <Filter>States\01. Player\14. Combo_2</Filter>
    </ClCompile>
    <ClCompile Include="qPlayerCombo3State.cpp">
      <Filter>States\01. Player\15. Combo_3</Filter>
    </ClCompile>
    <ClCompile Include="qPlayerCombo4State.cpp">
      <Filter>States\01. Player\16. Combo_4</Filter>
    </ClCompile>
    <ClCompile Include="qPlayerCombo1State.cpp">
      <Filter>States\01. Player\13. Combo_1</Filter>
    </ClCompile>
    <ClCompile Include="qPlayerBookShootState.cpp">
      <Filter>States\01. Player\17. BookShoot</Filter>
    </ClCompile>
    <ClCompile Include="qPlayerCrashState.cpp">
      <Filter>States\01. Player\19. Crash</Filter>
    </ClCompile>
    <ClCompile Include="qPlayerRangeState.cpp">
      <Filter>States\01. Player\20. Range</Filter>
    </ClCompile>
    <ClCompile Include="qPlayerKrushState.cpp">
      <Filter>States\01. Player\21. Krush</Filter>
    </ClCompile>
    <ClCompile Include="qPlayerWaitState.cpp">
      <Filter>States\01. Player\01. Wait</Filter>
    </ClCompile>
    <ClCompile Include="qPlayerBumpState.cpp">
      <Filter>States\01. Player\24. Bump</Filter>
    </ClCompile>
    <ClCompile Include="qDoorStayState.cpp">
      <Filter>States\02. Transfer\01. Door\01. DoorStay</Filter>
    </ClCompile>
    <ClCompile Include="qDoorOpenState.cpp">
      <Filter>States\02. Transfer\01. Door\02. DoorOpen</Filter>
    </ClCompile>
    <ClCompile Include="qDoorCloseState.cpp">
      <Filter>States\02. Transfer\01. Door\03. DoorClose</Filter>
    </ClCompile>
    <ClCompile Include="qPostCloseState.cpp">
      <Filter>States\02. Transfer\03. Post\01. PostClose</Filter>
    </ClCompile>
    <ClCompile Include="qPostOpenState.cpp">
      <Filter>States\02. Transfer\03. Post\02. PostOpen</Filter>
    </ClCompile>
    <ClCompile Include="qPlayerTeleportState.cpp">
      <Filter>States\01. Player\22-23. Teleport\1. Teleport</Filter>
    </ClCompile>
    <ClCompile Include="qPlayerTeleportFinishState.cpp">
      <Filter>States\01. Player\22-23. Teleport\2. TeleportFinish</Filter>
    </ClCompile>
    <ClCompile Include="qElevatorStayState.cpp">
      <Filter>States\02. Transfer\02. Elevator\01. ElevatorStay</Filter>
    </ClCompile>
    <ClCompile Include="qElevatorOpenState.cpp">
      <Filter>States\02. Transfer\02. Elevator\02. ElevatorOpen</Filter>
    </ClCompile>
    <ClCompile Include="qElevatorCloseState.cpp">
      <Filter>States\02. Transfer\02. Elevator\03. ElevatorClose</Filter>
    </ClCompile>
    <ClCompile Include="qPlayerElevatorOutState.cpp">
      <Filter>States\01. Player\11. ElevatorOut</Filter>
    </ClCompile>
    <ClCompile Include="qPlayerNullState.cpp">
      <Filter>States\01. Player\25. PlayerNull</Filter>
    </ClCompile>
    <ClCompile Include="qLoadingState.cpp">
      <Filter>States\02. Transfer\04. Loading</Filter>
    </ClCompile>
  </ItemGroup>
</Project>